Microsoft Visual Studio Solution File, Format Version 12.00
# Visual Studio Version 17
VisualStudioVersion = 17.5.2.0
MinimumVisualStudioVersion = 10.0.40219.1
Project("{2150E333-8FDC-42A3-9474-1A3956D46DE8}") = "src", "src", "{827E0CD3-B72D-47B6-A68D-7590B98EB39B}"
EndProject
Project("{2150E333-8FDC-42A3-9474-1A3956D46DE8}") = "workflows", "workflows", "{F0A602FC-B6B3-0309-A4D0-A7C9FDC897AA}"
EndProject
Project("{FAE04EC0-301F-11D3-BF4B-00C04F79EFBC}") = "Extensions", "src\workflows\Extensions.csproj", "{762F400F-C3D6-8351-269D-93945E524324}"
EndProject
Global
	GlobalSection(SolutionConfigurationPlatforms) = preSolution
		Debug|Any CPU = Debug|Any CPU
		Release|Any CPU = Release|Any CPU
	EndGlobalSection
	GlobalSection(ProjectConfigurationPlatforms) = postSolution
		{762F400F-C3D6-8351-269D-93945E524324}.Debug|Any CPU.ActiveCfg = Debug|Any CPU
		{762F400F-C3D6-8351-269D-93945E524324}.Debug|Any CPU.Build.0 = Debug|Any CPU
		{762F400F-C3D6-8351-269D-93945E524324}.Release|Any CPU.ActiveCfg = Release|Any CPU
		{762F400F-C3D6-8351-269D-93945E524324}.Release|Any CPU.Build.0 = Release|Any CPU
	EndGlobalSection
	GlobalSection(SolutionProperties) = preSolution
		HideSolutionNode = FALSE
	EndGlobalSection
	GlobalSection(NestedProjects) = preSolution
		{F0A602FC-B6B3-0309-A4D0-A7C9FDC897AA} = {827E0CD3-B72D-47B6-A68D-7590B98EB39B}
		{762F400F-C3D6-8351-269D-93945E524324} = {F0A602FC-B6B3-0309-A4D0-A7C9FDC897AA}
	EndGlobalSection
	GlobalSection(ExtensibilityGlobals) = postSolution
		SolutionGuid = {ED3CFCBD-390F-4E92-9A71-6D58A347781B}
	EndGlobalSection
EndGlobal
